
Microsoft Visual Studio Solution File, Format Version 12.00
# Visual Studio Version 17
VisualStudioVersion = 17.3.32929.385
MinimumVisualStudioVersion = 10.0.40219.1
Project("{9A19103F-16F7-4668-BE54-9A1E7A4F7556}") = "SkynetApp.API", "SkynetApp.API\SkynetApp.API.csproj", "{4DC62488-E8DA-415A-863A-F4A46E50BB73}"
EndProject
Project("{54A90642-561A-4BB1-A94E-469ADEE60C69}") = "client", "client\client.esproj", "{0F125AB8-10C0-4D50-9AA7-7912933FF56B}"
EndProject
Global
	GlobalSection(SolutionConfigurationPlatforms) = preSolution
		Debug|Any CPU = Debug|Any CPU
		Release|Any CPU = Release|Any CPU
	EndGlobalSection
	GlobalSection(ProjectConfigurationPlatforms) = postSolution
		{4DC62488-E8DA-415A-863A-F4A46E50BB73}.Debug|Any CPU.ActiveCfg = Debug|Any CPU
		{4DC62488-E8DA-415A-863A-F4A46E50BB73}.Debug|Any CPU.Build.0 = Debug|Any CPU
		{4DC62488-E8DA-415A-863A-F4A46E50BB73}.Release|Any CPU.ActiveCfg = Release|Any CPU
		{4DC62488-E8DA-415A-863A-F4A46E50BB73}.Release|Any CPU.Build.0 = Release|Any CPU
		{0F125AB8-10C0-4D50-9AA7-7912933FF56B}.Debug|Any CPU.ActiveCfg = Debug|Any CPU
		{0F125AB8-10C0-4D50-9AA7-7912933FF56B}.Debug|Any CPU.Build.0 = Debug|Any CPU
		{0F125AB8-10C0-4D50-9AA7-7912933FF56B}.Debug|Any CPU.Deploy.0 = Debug|Any CPU
		{0F125AB8-10C0-4D50-9AA7-7912933FF56B}.Release|Any CPU.ActiveCfg = Release|Any CPU
		{0F125AB8-10C0-4D50-9AA7-7912933FF56B}.Release|Any CPU.Build.0 = Release|Any CPU
		{0F125AB8-10C0-4D50-9AA7-7912933FF56B}.Release|Any CPU.Deploy.0 = Release|Any CPU
	EndGlobalSection
	GlobalSection(SolutionProperties) = preSolution
		HideSolutionNode = FALSE
	EndGlobalSection
	GlobalSection(ExtensibilityGlobals) = postSolution
		SolutionGuid = {14B3ED34-8127-4730-A6DB-7887C3741EE0}
	EndGlobalSection
EndGlobal
